// !$*UTF8*$!
{
	archiveVersion = 1;
	classes = {
	};
	objectVersion = 48;
	objects = {

/* Begin PBXBuildFile section */
		469B597B204AFBE3003D012B /* AppDelegate.swift in Sources */ = {isa = PBXBuildFile; fileRef = 469B597A204AFBE3003D012B /* AppDelegate.swift */; };
		469B597D204AFBE3003D012B /* ViewController.swift in Sources */ = {isa = PBXBuildFile; fileRef = 469B597C204AFBE3003D012B /* ViewController.swift */; };
		469B5980204AFBE3003D012B /* Main.storyboard in Resources */ = {isa = PBXBuildFile; fileRef = 469B597E204AFBE3003D012B /* Main.storyboard */; };
		469B5982204AFBE3003D012B /* Assets.xcassets in Resources */ = {isa = PBXBuildFile; fileRef = 469B5981204AFBE3003D012B /* Assets.xcassets */; };
		469B5985204AFBE3003D012B /* LaunchScreen.storyboard in Resources */ = {isa = PBXBuildFile; fileRef = 469B5983204AFBE3003D012B /* LaunchScreen.storyboard */; };
		469B598E204B0220003D012B /* CoreLocation.framework in Frameworks */ = {isa = PBXBuildFile; fileRef = 469B598D204B0220003D012B /* CoreLocation.framework */; };
/* End PBXBuildFile section */

/* Begin PBXFileReference section */
		469B5977204AFBE3003D012B /* Project 06 - FindMyLocation.app */ = {isa = PBXFileReference; explicitFileType = wrapper.application; includeInIndex = 0; path = "Project 06 - FindMyLocation.app"; sourceTree = BUILT_PRODUCTS_DIR; };
		469B597A204AFBE3003D012B /* AppDelegate.swift */ = {isa = PBXFileReference; lastKnownFileType = sourcecode.swift; path = AppDelegate.swift; sourceTree = "<group>"; };
		469B597C204AFBE3003D012B /* ViewController.swift */ = {isa = PBXFileReference; lastKnownFileType = sourcecode.swift; path = ViewController.swift; sourceTree = "<group>"; };
		469B597F204AFBE3003D012B /* Base */ = {isa = PBXFileReference; lastKnownFileType = file.storyboard; name = Base; path = Base.lproj/Main.storyboard; sourceTree = "<group>"; };
		469B5981204AFBE3003D012B /* Assets.xcassets */ = {isa = PBXFileReference; lastKnownFileType = folder.assetcatalog; path = Assets.xcassets; sourceTree = "<group>"; };
		469B5984204AFBE3003D012B /* Base */ = {isa = PBXFileReference; lastKnownFileType = file.storyboard; name = Base; path = Base.lproj/LaunchScreen.storyboard; sourceTree = "<group>"; };
		469B5986204AFBE3003D012B /* Info.plist */ = {isa = PBXFileReference; lastKnownFileType = text.plist.xml; path = Info.plist; sourceTree = "<group>"; };
		469B598D204B0220003D012B /* CoreLocation.framework */ = {isa = PBXFileReference; lastKnownFileType = wrapper.framework; name = CoreLocation.framework; path = System/Library/Frameworks/CoreLocation.framework; sourceTree = SDKROOT; };
/* End PBXFileReference section */

/* Begin PBXFrameworksBuildPhase section */
		469B5974204AFBE2003D012B /* Frameworks */ = {
			isa = PBXFrameworksBuildPhase;
			buildActionMask = 2147483647;
			files = (
				469B598E204B0220003D012B /* CoreLocation.framework in Frameworks */,
			);
			runOnlyForDeploymentPostprocessing = 0;
		};
/* End PBXFrameworksBuildPhase section */

/* Begin PBXGroup section */
		469B596E204AFBE2003D012B = {
			isa = PBXGroup;
			children = (
				469B5979204AFBE3003D012B /* Project 06 - FindMyLocation */,
				469B5978204AFBE3003D012B /* Products */,
				469B598C204B021F003D012B /* Frameworks */,
			);
			sourceTree = "<group>";
		};
		469B5978204AFBE3003D012B /* Products */ = {
			isa = PBXGroup;
			children = (
				469B5977204AFBE3003D012B /* Project 06 - FindMyLocation.app */,
			);
			name = Products;
			sourceTree = "<group>";
		};
		469B5979204AFBE3003D012B /* Project 06 - FindMyLocation */ = {
			isa = PBXGroup;
			children = (
				469B597A204AFBE3003D012B /* AppDelegate.swift */,
				469B597C204AFBE3003D012B /* ViewController.swift */,
				469B597E204AFBE3003D012B /* Main.storyboard */,
				469B5981204AFBE3003D012B /* Assets.xcassets */,
				469B5983204AFBE3003D012B /* LaunchScreen.storyboard */,
				469B5986204AFBE3003D012B /* Info.plist */,
			);
			path = "Project 06 - FindMyLocation";
			sourceTree = "<group>";
		};
		469B598C204B021F003D012B /* Frameworks */ = {
			isa = PBXGroup;
			children = (
				469B598D204B0220003D012B /* CoreLocation.framework */,
			);
			name = Frameworks;
			sourceTree = "<group>";
		};
/* End PBXGroup section */

/* Begin PBXNativeTarget section */
		469B5976204AFBE2003D012B /* Project 06 - FindMyLocation */ = {
			isa = PBXNativeTarget;
			buildConfigurationList = 469B5989204AFBE3003D012B /* Build configuration list for PBXNativeTarget "Project 06 - FindMyLocation" */;
			buildPhases = (
				469B5973204AFBE2003D012B /* Sources */,
				469B5974204AFBE2003D012B /* Frameworks */,
				469B5975204AFBE2003D012B /* Resources */,
			);
			buildRules = (
			);
			dependencies = (
			);
			name = "Project 06 - FindMyLocation";
			productName = "Project 06 - FindMyLocation";
			productReference = 469B5977204AFBE3003D012B /* Project 06 - FindMyLocation.app */;
			productType = "com.apple.product-type.application";
		};
/* End PBXNativeTarget section */

/* Begin PBXProject section */
		469B596F204AFBE2003D012B /* Project object */ = {
			isa = PBXProject;
			attributes = {
				LastSwiftUpdateCheck = 0920;
				LastUpgradeCheck = 0920;
				ORGANIZATIONNAME = "Christophe Bugnon";
				TargetAttributes = {
					469B5976204AFBE2003D012B = {
						CreatedOnToolsVersion = 9.2;
						ProvisioningStyle = Automatic;
					};
				};
			};
			buildConfigurationList = 469B5972204AFBE2003D012B /* Build configuration list for PBXProject "Project 06 - FindMyLocation" */;
			compatibilityVersion = "Xcode 8.0";
			developmentRegion = en;
			hasScannedForEncodings = 0;
			knownRegions = (
				en,
				Base,
			);
			mainGroup = 469B596E204AFBE2003D012B;
			productRefGroup = 469B5978204AFBE3003D012B /* Products */;
			projectDirPath = "";
			projectRoot = "";
			targets = (
				469B5976204AFBE2003D012B /* Project 06 - FindMyLocation */,
			);
		};
/* End PBXProject section */

/* Begin PBXResourcesBuildPhase section */
		469B5975204AFBE2003D012B /* Resources */ = {
			isa = PBXResourcesBuildPhase;
			buildActionMask = 2147483647;
			files = (
				469B5985204AFBE3003D012B /* LaunchScreen.storyboard in Resources */,
				469B5982204AFBE3003D012B /* Assets.xcassets in Resources */,
				469B5980204AFBE3003D012B /* Main.storyboard in Resources */,
			);
			runOnlyForDeploymentPostprocessing = 0;
		};
/* End PBXResourcesBuildPhase section */

/* Begin PBXSourcesBuildPhase section */
		469B5973204AFBE2003D012B /* Sources */ = {
			isa = PBXSourcesBuildPhase;
			buildActionMask = 2147483647;
			files = (
				469B597D204AFBE3003D012B /* ViewController.swift in Sources */,
				469B597B204AFBE3003D012B /* AppDelegate.swift in Sources */,
			);
			runOnlyForDeploymentPostprocessing = 0;
		};
/* End PBXSourcesBuildPhase section */

/* Begin PBXVariantGroup section */
		469B597E204AFBE3003D012B /* Main.storyboard */ = {
			isa = PBXVariantGroup;
			children = (
				469B597F204AFBE3003D012B /* Base */,
			);
			name = Main.storyboard;
			sourceTree = "<group>";
		};
		469B5983204AFBE3003D012B /* LaunchScreen.storyboard */ = {
			isa = PBXVariantGroup;
			children = (
				469B5984204AFBE3003D012B /* Base */,
			);
			name = LaunchScreen.storyboard;
			sourceTree = "<group>";
		};
/* End PBXVariantGroup section */

/* Begin XCBuildConfiguration section */
		469B5987204AFBE3003D012B /* Debug */ = {
			isa = XCBuildConfiguration;
			buildSettings = {
				ALWAYS_SEARCH_USER_PATHS = NO;
				CLANG_ANALYZER_NONNULL = YES;
				CLANG_ANALYZER_NUMBER_OBJECT_CONVERSION = YES_AGGRESSIVE;
				CLANG_CXX_LANGUAGE_STANDARD = "gnu++14";
				CLANG_CXX_LIBRARY = "libc++";
				CLANG_ENABLE_MODULES = YES;
				CLANG_ENABLE_OBJC_ARC = YES;
				CLANG_WARN_BLOCK_CAPTURE_AUTORELEASING = YES;
				CLANG_WARN_BOOL_CONVERSION = YES;
				CLANG_WARN_COMMA = YES;
				CLANG_WARN_CONSTANT_CONVERSION = YES;
				CLANG_WARN_DIRECT_OBJC_ISA_USAGE = YES_ERROR;
				CLANG_WARN_DOCUMENTATION_COMMENTS = YES;
				CLANG_WARN_EMPTY_BODY = YES;
				CLANG_WARN_ENUM_CONVERSION = YES;
				CLANG_WARN_INFINITE_RECURSION = YES;
				CLANG_WARN_INT_CONVERSION = YES;
				CLANG_WARN_NON_LITERAL_NULL_CONVERSION = YES;
				CLANG_WARN_OBJC_LITERAL_CONVERSION = YES;
				CLANG_WARN_OBJC_ROOT_CLASS = YES_ERROR;
				CLANG_WARN_RANGE_LOOP_ANALYSIS = YES;
				CLANG_WARN_STRICT_PROTOTYPES = YES;
				CLANG_WARN_SUSPICIOUS_MOVE = YES;
				CLANG_WARN_UNGUARDED_AVAILABILITY = YES_AGGRESSIVE;
				CLANG_WARN_UNREACHABLE_CODE = YES;
				CLANG_WARN__DUPLICATE_METHOD_MATCH = YES;
				CODE_SIGN_IDENTITY = "iPhone Developer";
				COPY_PHASE_STRIP = NO;
				DEBUG_INFORMATION_FORMAT = dwarf;
				ENABLE_STRICT_OBJC_MSGSEND = YES;
				ENABLE_TESTABILITY = YES;
				GCC_C_LANGUAGE_STANDARD = gnu11;
				GCC_DYNAMIC_NO_PIC = NO;
				GCC_NO_COMMON_BLOCKS = YES;
				GCC_OPTIMIZATION_LEVEL = 0;
				GCC_PREPROCESSOR_DEFINITIONS = (
					"DEBUG=1",
					"$(inherited)",
				);
				GCC_WARN_64_TO_32_BIT_CONVERSION = YES;
				GCC_WARN_ABOUT_RETURN_TYPE = YES_ERROR;
				GCC_WARN_UNDECLARED_SELECTOR = YES;
				GCC_WARN_UNINITIALIZED_AUTOS = YES_AGGRESSIVE;
				GCC_WARN_UNUSED_FUNCTION = YES;
				GCC_WARN_UNUSED_VARIABLE = YES;
				IPHONEOS_DEPLOYMENT_TARGET = 11.2;
				MTL_ENABLE_DEBUG_INFO = YES;
				ONLY_ACTIVE_ARCH = YES;
				SDKROOT = iphoneos;
				SWIFT_ACTIVE_COMPILATION_CONDITIONS = DEBUG;
				SWIFT_OPTIMIZATION_LEVEL = "-Onone";
			};
			name = Debug;
		};
		469B5988204AFBE3003D012B /* Release */ = {
			isa = XCBuildConfiguration;
			buildSettings = {
				ALWAYS_SEARCH_USER_PATHS = NO;
				CLANG_ANALYZER_NONNULL = YES;
				CLANG_ANALYZER_NUMBER_OBJECT_CONVERSION = YES_AGGRESSIVE;
				CLANG_CXX_LANGUAGE_STANDARD = "gnu++14";
				CLANG_CXX_LIBRARY = "libc++";
				CLANG_ENABLE_MODULES = YES;
				CLANG_ENABLE_OBJC_ARC = YES;
				CLANG_WARN_BLOCK_CAPTURE_AUTORELEASING = YES;
				CLANG_WARN_BOOL_CONVERSION = YES;
				CLANG_WARN_COMMA = YES;
				CLANG_WARN_CONSTANT_CONVERSION = YES;
				CLANG_WARN_DIRECT_OBJC_ISA_USAGE = YES_ERROR;
				CLANG_WARN_DOCUMENTATION_COMMENTS = YES;
				CLANG_WARN_EMPTY_BODY = YES;
				CLANG_WARN_ENUM_CONVERSION = YES;
				CLANG_WARN_INFINITE_RECURSION = YES;
				CLANG_WARN_INT_CONVERSION = YES;
				CLANG_WARN_NON_LITERAL_NULL_CONVERSION = YES;
				CLANG_WARN_OBJC_LITERAL_CONVERSION = YES;
				CLANG_WARN_OBJC_ROOT_CLASS = YES_ERROR;
				CLANG_WARN_RANGE_LOOP_ANALYSIS = YES;
				CLANG_WARN_STRICT_PROTOTYPES = YES;
				CLANG_WARN_SUSPICIOUS_MOVE = YES;
				CLANG_WARN_UNGUARDED_AVAILABILITY = YES_AGGRESSIVE;
				CLANG_WARN_UNREACHABLE_CODE = YES;
				CLANG_WARN__DUPLICATE_METHOD_MATCH = YES;
				CODE_SIGN_IDENTITY = "iPhone Developer";
				COPY_PHASE_STRIP = NO;
				DEBUG_INFORMATION_FORMAT = "dwarf-with-dsym";
				ENABLE_NS_ASSERTIONS = NO;
				ENABLE_STRICT_OBJC_MSGSEND = YES;
				GCC_C_LANGUAGE_STANDARD = gnu11;
				GCC_NO_COMMON_BLOCKS = YES;
				GCC_WARN_64_TO_32_BIT_CONVERSION = YES;
				GCC_WARN_ABOUT_RETURN_TYPE = YES_ERROR;
				GCC_WARN_UNDECLARED_SELECTOR = YES;
				GCC_WARN_UNINITIALIZED_AUTOS = YES_AGGRESSIVE;
				GCC_WARN_UNUSED_FUNCTION = YES;
				GCC_WARN_UNUSED_VARIABLE = YES;
				IPHONEOS_DEPLOYMENT_TARGET = 11.2;
				MTL_ENABLE_DEBUG_INFO = NO;
				SDKROOT = iphoneos;
				SWIFT_OPTIMIZATION_LEVEL = "-Owholemodule";
				VALIDATE_PRODUCT = YES;
			};
			name = Release;
		};
		469B598A204AFBE3003D012B /* Debug */ = {
			isa = XCBuildConfiguration;
			buildSettings = {
				ASSETCATALOG_COMPILER_APPICON_NAME = AppIcon;
				CODE_SIGN_STYLE = Automatic;
				INFOPLIST_FILE = "Project 06 - FindMyLocation/Info.plist";
				LD_RUNPATH_SEARCH_PATHS = "$(inherited) @executable_path/Frameworks";
				PRODUCT_BUNDLE_IDENTIFIER = "com.christophebugnon.Project-06---FindMyLocation";
				PRODUCT_NAME = "$(TARGET_NAME)";
				SWIFT_VERSION = 4.0;
				TARGETED_DEVICE_FAMILY = "1,2";
			};
			name = Debug;
		};
		469B598B204AFBE3003D012B /* Release */ = {
			isa = XCBuildConfiguration;
			buildSettings = {
				ASSETCATALOG_COMPILER_APPICON_NAME = AppIcon;
				CODE_SIGN_STYLE = Automatic;
				INFOPLIST_FILE = "Project 06 - FindMyLocation/Info.plist";
				LD_RUNPATH_SEARCH_PATHS = "$(inherited) @executable_path/Frameworks";
				PRODUCT_BUNDLE_IDENTIFIER = "com.christophebugnon.Project-06---FindMyLocation";
				PRODUCT_NAME = "$(TARGET_NAME)";
				SWIFT_VERSION = 4.0;
				TARGETED_DEVICE_FAMILY = "1,2";
			};
			name = Release;
		};
/* End XCBuildConfiguration section */

/* Begin XCConfigurationList section */
		469B5972204AFBE2003D012B /* Build configuration list for PBXProject "Project 06 - FindMyLocation" */ = {
			isa = XCConfigurationList;
			buildConfigurations = (
				469B5987204AFBE3003D012B /* Debug */,
				469B5988204AFBE3003D012B /* Release */,
			);
			defaultConfigurationIsVisible = 0;
			defaultConfigurationName = Release;
		};
		469B5989204AFBE3003D012B /* Build configuration list for PBXNativeTarget "Project 06 - FindMyLocation" */ = {
			isa = XCConfigurationList;
			buildConfigurations = (
				469B598A204AFBE3003D012B /* Debug */,
				469B598B204AFBE3003D012B /* Release */,
			);
			defaultConfigurationIsVisible = 0;
			defaultConfigurationName = Release;
		};
/* End XCConfigurationList section */
	};
	rootObject = 469B596F204AFBE2003D012B /* Project object */;
}
