// !$*UTF8*$!
{
	archiveVersion = 1;
	classes = {
	};
	objectVersion = 48;
	objects = {

/* Begin PBXBuildFile section */
		4695447320541D4400E3A808 /* AppDelegate.swift in Sources */ = {isa = PBXBuildFile; fileRef = 4695447220541D4400E3A808 /* AppDelegate.swift */; };
		4695447520541D4400E3A808 /* ViewController.swift in Sources */ = {isa = PBXBuildFile; fileRef = 4695447420541D4400E3A808 /* ViewController.swift */; };
		4695447820541D4400E3A808 /* Main.storyboard in Resources */ = {isa = PBXBuildFile; fileRef = 4695447620541D4400E3A808 /* Main.storyboard */; };
		4695447A20541D4400E3A808 /* Assets.xcassets in Resources */ = {isa = PBXBuildFile; fileRef = 4695447920541D4400E3A808 /* Assets.xcassets */; };
		4695447D20541D4400E3A808 /* LaunchScreen.storyboard in Resources */ = {isa = PBXBuildFile; fileRef = 4695447B20541D4400E3A808 /* LaunchScreen.storyboard */; };
		46C195242054330600F706A3 /* CompanyCell.swift in Sources */ = {isa = PBXBuildFile; fileRef = 46C195232054330600F706A3 /* CompanyCell.swift */; };
/* End PBXBuildFile section */

/* Begin PBXFileReference section */
		4695446F20541D4400E3A808 /* Project 13 - AnimateCollectionViewCell.app */ = {isa = PBXFileReference; explicitFileType = wrapper.application; includeInIndex = 0; path = "Project 13 - AnimateCollectionViewCell.app"; sourceTree = BUILT_PRODUCTS_DIR; };
		4695447220541D4400E3A808 /* AppDelegate.swift */ = {isa = PBXFileReference; lastKnownFileType = sourcecode.swift; path = AppDelegate.swift; sourceTree = "<group>"; };
		4695447420541D4400E3A808 /* ViewController.swift */ = {isa = PBXFileReference; lastKnownFileType = sourcecode.swift; path = ViewController.swift; sourceTree = "<group>"; };
		4695447720541D4400E3A808 /* Base */ = {isa = PBXFileReference; lastKnownFileType = file.storyboard; name = Base; path = Base.lproj/Main.storyboard; sourceTree = "<group>"; };
		4695447920541D4400E3A808 /* Assets.xcassets */ = {isa = PBXFileReference; lastKnownFileType = folder.assetcatalog; path = Assets.xcassets; sourceTree = "<group>"; };
		4695447C20541D4400E3A808 /* Base */ = {isa = PBXFileReference; lastKnownFileType = file.storyboard; name = Base; path = Base.lproj/LaunchScreen.storyboard; sourceTree = "<group>"; };
		4695447E20541D4400E3A808 /* Info.plist */ = {isa = PBXFileReference; lastKnownFileType = text.plist.xml; path = Info.plist; sourceTree = "<group>"; };
		46C195232054330600F706A3 /* CompanyCell.swift */ = {isa = PBXFileReference; lastKnownFileType = sourcecode.swift; path = CompanyCell.swift; sourceTree = "<group>"; };
/* End PBXFileReference section */

/* Begin PBXFrameworksBuildPhase section */
		4695446C20541D4400E3A808 /* Frameworks */ = {
			isa = PBXFrameworksBuildPhase;
			buildActionMask = 2147483647;
			files = (
			);
			runOnlyForDeploymentPostprocessing = 0;
		};
/* End PBXFrameworksBuildPhase section */

/* Begin PBXGroup section */
		4695446620541D4400E3A808 = {
			isa = PBXGroup;
			children = (
				4695447120541D4400E3A808 /* Project 13 - AnimateCollectionViewCell */,
				4695447020541D4400E3A808 /* Products */,
			);
			sourceTree = "<group>";
		};
		4695447020541D4400E3A808 /* Products */ = {
			isa = PBXGroup;
			children = (
				4695446F20541D4400E3A808 /* Project 13 - AnimateCollectionViewCell.app */,
			);
			name = Products;
			sourceTree = "<group>";
		};
		4695447120541D4400E3A808 /* Project 13 - AnimateCollectionViewCell */ = {
			isa = PBXGroup;
			children = (
				4695447220541D4400E3A808 /* AppDelegate.swift */,
				4695447420541D4400E3A808 /* ViewController.swift */,
				46C195232054330600F706A3 /* CompanyCell.swift */,
				4695447620541D4400E3A808 /* Main.storyboard */,
				4695447920541D4400E3A808 /* Assets.xcassets */,
				4695447B20541D4400E3A808 /* LaunchScreen.storyboard */,
				4695447E20541D4400E3A808 /* Info.plist */,
			);
			path = "Project 13 - AnimateCollectionViewCell";
			sourceTree = "<group>";
		};
/* End PBXGroup section */

/* Begin PBXNativeTarget section */
		4695446E20541D4400E3A808 /* Project 13 - AnimateCollectionViewCell */ = {
			isa = PBXNativeTarget;
			buildConfigurationList = 4695448120541D4400E3A808 /* Build configuration list for PBXNativeTarget "Project 13 - AnimateCollectionViewCell" */;
			buildPhases = (
				4695446B20541D4400E3A808 /* Sources */,
				4695446C20541D4400E3A808 /* Frameworks */,
				4695446D20541D4400E3A808 /* Resources */,
			);
			buildRules = (
			);
			dependencies = (
			);
			name = "Project 13 - AnimateCollectionViewCell";
			productName = "Project 13 - AnimateCollectionViewCell";
			productReference = 4695446F20541D4400E3A808 /* Project 13 - AnimateCollectionViewCell.app */;
			productType = "com.apple.product-type.application";
		};
/* End PBXNativeTarget section */

/* Begin PBXProject section */
		4695446720541D4400E3A808 /* Project object */ = {
			isa = PBXProject;
			attributes = {
				LastSwiftUpdateCheck = 0920;
				LastUpgradeCheck = 0920;
				ORGANIZATIONNAME = "Christophe Bugnon";
				TargetAttributes = {
					4695446E20541D4400E3A808 = {
						CreatedOnToolsVersion = 9.2;
						ProvisioningStyle = Automatic;
					};
				};
			};
			buildConfigurationList = 4695446A20541D4400E3A808 /* Build configuration list for PBXProject "Project 13 - AnimateCollectionViewCell" */;
			compatibilityVersion = "Xcode 8.0";
			developmentRegion = en;
			hasScannedForEncodings = 0;
			knownRegions = (
				en,
				Base,
			);
			mainGroup = 4695446620541D4400E3A808;
			productRefGroup = 4695447020541D4400E3A808 /* Products */;
			projectDirPath = "";
			projectRoot = "";
			targets = (
				4695446E20541D4400E3A808 /* Project 13 - AnimateCollectionViewCell */,
			);
		};
/* End PBXProject section */

/* Begin PBXResourcesBuildPhase section */
		4695446D20541D4400E3A808 /* Resources */ = {
			isa = PBXResourcesBuildPhase;
			buildActionMask = 2147483647;
			files = (
				4695447D20541D4400E3A808 /* LaunchScreen.storyboard in Resources */,
				4695447A20541D4400E3A808 /* Assets.xcassets in Resources */,
				4695447820541D4400E3A808 /* Main.storyboard in Resources */,
			);
			runOnlyForDeploymentPostprocessing = 0;
		};
/* End PBXResourcesBuildPhase section */

/* Begin PBXSourcesBuildPhase section */
		4695446B20541D4400E3A808 /* Sources */ = {
			isa = PBXSourcesBuildPhase;
			buildActionMask = 2147483647;
			files = (
				4695447520541D4400E3A808 /* ViewController.swift in Sources */,
				46C195242054330600F706A3 /* CompanyCell.swift in Sources */,
				4695447320541D4400E3A808 /* AppDelegate.swift in Sources */,
			);
			runOnlyForDeploymentPostprocessing = 0;
		};
/* End PBXSourcesBuildPhase section */

/* Begin PBXVariantGroup section */
		4695447620541D4400E3A808 /* Main.storyboard */ = {
			isa = PBXVariantGroup;
			children = (
				4695447720541D4400E3A808 /* Base */,
			);
			name = Main.storyboard;
			sourceTree = "<group>";
		};
		4695447B20541D4400E3A808 /* LaunchScreen.storyboard */ = {
			isa = PBXVariantGroup;
			children = (
				4695447C20541D4400E3A808 /* Base */,
			);
			name = LaunchScreen.storyboard;
			sourceTree = "<group>";
		};
/* End PBXVariantGroup section */

/* Begin XCBuildConfiguration section */
		4695447F20541D4400E3A808 /* Debug */ = {
			isa = XCBuildConfiguration;
			buildSettings = {
				ALWAYS_SEARCH_USER_PATHS = NO;
				CLANG_ANALYZER_NONNULL = YES;
				CLANG_ANALYZER_NUMBER_OBJECT_CONVERSION = YES_AGGRESSIVE;
				CLANG_CXX_LANGUAGE_STANDARD = "gnu++14";
				CLANG_CXX_LIBRARY = "libc++";
				CLANG_ENABLE_MODULES = YES;
				CLANG_ENABLE_OBJC_ARC = YES;
				CLANG_WARN_BLOCK_CAPTURE_AUTORELEASING = YES;
				CLANG_WARN_BOOL_CONVERSION = YES;
				CLANG_WARN_COMMA = YES;
				CLANG_WARN_CONSTANT_CONVERSION = YES;
				CLANG_WARN_DIRECT_OBJC_ISA_USAGE = YES_ERROR;
				CLANG_WARN_DOCUMENTATION_COMMENTS = YES;
				CLANG_WARN_EMPTY_BODY = YES;
				CLANG_WARN_ENUM_CONVERSION = YES;
				CLANG_WARN_INFINITE_RECURSION = YES;
				CLANG_WARN_INT_CONVERSION = YES;
				CLANG_WARN_NON_LITERAL_NULL_CONVERSION = YES;
				CLANG_WARN_OBJC_LITERAL_CONVERSION = YES;
				CLANG_WARN_OBJC_ROOT_CLASS = YES_ERROR;
				CLANG_WARN_RANGE_LOOP_ANALYSIS = YES;
				CLANG_WARN_STRICT_PROTOTYPES = YES;
				CLANG_WARN_SUSPICIOUS_MOVE = YES;
				CLANG_WARN_UNGUARDED_AVAILABILITY = YES_AGGRESSIVE;
				CLANG_WARN_UNREACHABLE_CODE = YES;
				CLANG_WARN__DUPLICATE_METHOD_MATCH = YES;
				CODE_SIGN_IDENTITY = "iPhone Developer";
				COPY_PHASE_STRIP = NO;
				DEBUG_INFORMATION_FORMAT = dwarf;
				ENABLE_STRICT_OBJC_MSGSEND = YES;
				ENABLE_TESTABILITY = YES;
				GCC_C_LANGUAGE_STANDARD = gnu11;
				GCC_DYNAMIC_NO_PIC = NO;
				GCC_NO_COMMON_BLOCKS = YES;
				GCC_OPTIMIZATION_LEVEL = 0;
				GCC_PREPROCESSOR_DEFINITIONS = (
					"DEBUG=1",
					"$(inherited)",
				);
				GCC_WARN_64_TO_32_BIT_CONVERSION = YES;
				GCC_WARN_ABOUT_RETURN_TYPE = YES_ERROR;
				GCC_WARN_UNDECLARED_SELECTOR = YES;
				GCC_WARN_UNINITIALIZED_AUTOS = YES_AGGRESSIVE;
				GCC_WARN_UNUSED_FUNCTION = YES;
				GCC_WARN_UNUSED_VARIABLE = YES;
				IPHONEOS_DEPLOYMENT_TARGET = 11.2;
				MTL_ENABLE_DEBUG_INFO = YES;
				ONLY_ACTIVE_ARCH = YES;
				SDKROOT = iphoneos;
				SWIFT_ACTIVE_COMPILATION_CONDITIONS = DEBUG;
				SWIFT_OPTIMIZATION_LEVEL = "-Onone";
			};
			name = Debug;
		};
		4695448020541D4400E3A808 /* Release */ = {
			isa = XCBuildConfiguration;
			buildSettings = {
				ALWAYS_SEARCH_USER_PATHS = NO;
				CLANG_ANALYZER_NONNULL = YES;
				CLANG_ANALYZER_NUMBER_OBJECT_CONVERSION = YES_AGGRESSIVE;
				CLANG_CXX_LANGUAGE_STANDARD = "gnu++14";
				CLANG_CXX_LIBRARY = "libc++";
				CLANG_ENABLE_MODULES = YES;
				CLANG_ENABLE_OBJC_ARC = YES;
				CLANG_WARN_BLOCK_CAPTURE_AUTORELEASING = YES;
				CLANG_WARN_BOOL_CONVERSION = YES;
				CLANG_WARN_COMMA = YES;
				CLANG_WARN_CONSTANT_CONVERSION = YES;
				CLANG_WARN_DIRECT_OBJC_ISA_USAGE = YES_ERROR;
				CLANG_WARN_DOCUMENTATION_COMMENTS = YES;
				CLANG_WARN_EMPTY_BODY = YES;
				CLANG_WARN_ENUM_CONVERSION = YES;
				CLANG_WARN_INFINITE_RECURSION = YES;
				CLANG_WARN_INT_CONVERSION = YES;
				CLANG_WARN_NON_LITERAL_NULL_CONVERSION = YES;
				CLANG_WARN_OBJC_LITERAL_CONVERSION = YES;
				CLANG_WARN_OBJC_ROOT_CLASS = YES_ERROR;
				CLANG_WARN_RANGE_LOOP_ANALYSIS = YES;
				CLANG_WARN_STRICT_PROTOTYPES = YES;
				CLANG_WARN_SUSPICIOUS_MOVE = YES;
				CLANG_WARN_UNGUARDED_AVAILABILITY = YES_AGGRESSIVE;
				CLANG_WARN_UNREACHABLE_CODE = YES;
				CLANG_WARN__DUPLICATE_METHOD_MATCH = YES;
				CODE_SIGN_IDENTITY = "iPhone Developer";
				COPY_PHASE_STRIP = NO;
				DEBUG_INFORMATION_FORMAT = "dwarf-with-dsym";
				ENABLE_NS_ASSERTIONS = NO;
				ENABLE_STRICT_OBJC_MSGSEND = YES;
				GCC_C_LANGUAGE_STANDARD = gnu11;
				GCC_NO_COMMON_BLOCKS = YES;
				GCC_WARN_64_TO_32_BIT_CONVERSION = YES;
				GCC_WARN_ABOUT_RETURN_TYPE = YES_ERROR;
				GCC_WARN_UNDECLARED_SELECTOR = YES;
				GCC_WARN_UNINITIALIZED_AUTOS = YES_AGGRESSIVE;
				GCC_WARN_UNUSED_FUNCTION = YES;
				GCC_WARN_UNUSED_VARIABLE = YES;
				IPHONEOS_DEPLOYMENT_TARGET = 11.2;
				MTL_ENABLE_DEBUG_INFO = NO;
				SDKROOT = iphoneos;
				SWIFT_OPTIMIZATION_LEVEL = "-Owholemodule";
				VALIDATE_PRODUCT = YES;
			};
			name = Release;
		};
		4695448220541D4400E3A808 /* Debug */ = {
			isa = XCBuildConfiguration;
			buildSettings = {
				ASSETCATALOG_COMPILER_APPICON_NAME = AppIcon;
				CODE_SIGN_STYLE = Automatic;
				INFOPLIST_FILE = "Project 13 - AnimateCollectionViewCell/Info.plist";
				LD_RUNPATH_SEARCH_PATHS = "$(inherited) @executable_path/Frameworks";
				PRODUCT_BUNDLE_IDENTIFIER = "com.christophebugnon.Project-13---AnimateCollectionViewCell";
				PRODUCT_NAME = "$(TARGET_NAME)";
				SWIFT_VERSION = 4.0;
				TARGETED_DEVICE_FAMILY = "1,2";
			};
			name = Debug;
		};
		4695448320541D4400E3A808 /* Release */ = {
			isa = XCBuildConfiguration;
			buildSettings = {
				ASSETCATALOG_COMPILER_APPICON_NAME = AppIcon;
				CODE_SIGN_STYLE = Automatic;
				INFOPLIST_FILE = "Project 13 - AnimateCollectionViewCell/Info.plist";
				LD_RUNPATH_SEARCH_PATHS = "$(inherited) @executable_path/Frameworks";
				PRODUCT_BUNDLE_IDENTIFIER = "com.christophebugnon.Project-13---AnimateCollectionViewCell";
				PRODUCT_NAME = "$(TARGET_NAME)";
				SWIFT_VERSION = 4.0;
				TARGETED_DEVICE_FAMILY = "1,2";
			};
			name = Release;
		};
/* End XCBuildConfiguration section */

/* Begin XCConfigurationList section */
		4695446A20541D4400E3A808 /* Build configuration list for PBXProject "Project 13 - AnimateCollectionViewCell" */ = {
			isa = XCConfigurationList;
			buildConfigurations = (
				4695447F20541D4400E3A808 /* Debug */,
				4695448020541D4400E3A808 /* Release */,
			);
			defaultConfigurationIsVisible = 0;
			defaultConfigurationName = Release;
		};
		4695448120541D4400E3A808 /* Build configuration list for PBXNativeTarget "Project 13 - AnimateCollectionViewCell" */ = {
			isa = XCConfigurationList;
			buildConfigurations = (
				4695448220541D4400E3A808 /* Debug */,
				4695448320541D4400E3A808 /* Release */,
			);
			defaultConfigurationIsVisible = 0;
			defaultConfigurationName = Release;
		};
/* End XCConfigurationList section */
	};
	rootObject = 4695446720541D4400E3A808 /* Project object */;
}
